
Microsoft Visual Studio Solution File, Format Version 12.00
# Visual Studio Version 17
VisualStudioVersion = 17.10.34916.146
MinimumVisualStudioVersion = 10.0.40219.1
Project("{9A19103F-16F7-4668-BE54-9A1E7A4F7556}") = "Luxor", "Luxor\Luxor.csproj", "{9610B0F7-3D1D-485B-814C-AC86DDC88F90}"
EndProject
Project("{9A19103F-16F7-4668-BE54-9A1E7A4F7556}") = "Luxor.Desktop", "Luxor.Desktop\Luxor.Desktop.csproj", "{11FCA319-1207-4DB5-89C8-B10E452AFE77}"
EndProject
Project("{9A19103F-16F7-4668-BE54-9A1E7A4F7556}") = "Luxor.Test", "Luxor.Test\Luxor.Test.csproj", "{5E9EA9B7-CA81-4606-BA26-9A2E78AB6832}"
EndProject
Project("{2150E333-8FDC-42A3-9474-1A3956D46DE8}") = "Éléments de solution", "Éléments de solution", "{A7436F7E-E04C-48A3-B12F-A489637B55A8}"
	ProjectSection(SolutionItems) = preProject
		.github\workflows\dotnet-desktop.yml = .github\workflows\dotnet-desktop.yml
	EndProjectSection
EndProject
Global
	GlobalSection(SolutionConfigurationPlatforms) = preSolution
		Debug|Any CPU = Debug|Any CPU
		Release|Any CPU = Release|Any CPU
	EndGlobalSection
	GlobalSection(ProjectConfigurationPlatforms) = postSolution
		{9610B0F7-3D1D-485B-814C-AC86DDC88F90}.Debug|Any CPU.ActiveCfg = Debug|Any CPU
		{9610B0F7-3D1D-485B-814C-AC86DDC88F90}.Debug|Any CPU.Build.0 = Debug|Any CPU
		{9610B0F7-3D1D-485B-814C-AC86DDC88F90}.Release|Any CPU.ActiveCfg = Release|Any CPU
		{9610B0F7-3D1D-485B-814C-AC86DDC88F90}.Release|Any CPU.Build.0 = Release|Any CPU
		{11FCA319-1207-4DB5-89C8-B10E452AFE77}.Debug|Any CPU.ActiveCfg = Debug|Any CPU
		{11FCA319-1207-4DB5-89C8-B10E452AFE77}.Debug|Any CPU.Build.0 = Debug|Any CPU
		{11FCA319-1207-4DB5-89C8-B10E452AFE77}.Release|Any CPU.ActiveCfg = Release|Any CPU
		{11FCA319-1207-4DB5-89C8-B10E452AFE77}.Release|Any CPU.Build.0 = Release|Any CPU
		{5E9EA9B7-CA81-4606-BA26-9A2E78AB6832}.Debug|Any CPU.ActiveCfg = Debug|Any CPU
		{5E9EA9B7-CA81-4606-BA26-9A2E78AB6832}.Debug|Any CPU.Build.0 = Debug|Any CPU
		{5E9EA9B7-CA81-4606-BA26-9A2E78AB6832}.Release|Any CPU.ActiveCfg = Release|Any CPU
		{5E9EA9B7-CA81-4606-BA26-9A2E78AB6832}.Release|Any CPU.Build.0 = Release|Any CPU
	EndGlobalSection
	GlobalSection(SolutionProperties) = preSolution
		HideSolutionNode = FALSE
	EndGlobalSection
	GlobalSection(ExtensibilityGlobals) = postSolution
		SolutionGuid = {CC4F050A-A3DC-4C9A-AAAF-2A185CE8113C}
	EndGlobalSection
EndGlobal
